
Microsoft Visual Studio Solution File, Format Version 12.00
# Visual Studio Version 16
VisualStudioVersion = 16.0.30804.86
MinimumVisualStudioVersion = 10.0.40219.1
Project("{FAE04EC0-301F-11D3-BF4B-00C04F79EFBC}") = "GatheringAlwaysOn", "GatheringAlwaysOn\GatheringAlwaysOn.csproj", "{092FD30B-28A6-488F-BBB9-0000FDFE450C}"
EndProject
Global
	GlobalSection(SolutionConfigurationPlatforms) = preSolution
		Debug|Any CPU = Debug|Any CPU
		Release|Any CPU = Release|Any CPU
	EndGlobalSection
	GlobalSection(ProjectConfigurationPlatforms) = postSolution
		{092FD30B-28A6-488F-BBB9-0000FDFE450C}.Debug|Any CPU.ActiveCfg = Debug|Any CPU
		{092FD30B-28A6-488F-BBB9-0000FDFE450C}.Debug|Any CPU.Build.0 = Debug|Any CPU
		{092FD30B-28A6-488F-BBB9-0000FDFE450C}.Release|Any CPU.ActiveCfg = Release|Any CPU
		{092FD30B-28A6-488F-BBB9-0000FDFE450C}.Release|Any CPU.Build.0 = Release|Any CPU
	EndGlobalSection
	GlobalSection(SolutionProperties) = preSolution
		HideSolutionNode = FALSE
	EndGlobalSection
	GlobalSection(ExtensibilityGlobals) = postSolution
		SolutionGuid = {F236F49A-80F1-4EF5-9CD2-27D9347D5AF1}
	EndGlobalSection
EndGlobal
